
Microsoft Visual Studio Solution File, Format Version 12.00
# Visual Studio 14
VisualStudioVersion = 14.0.24720.0
MinimumVisualStudioVersion = 10.0.40219.1
Project("{FAE04EC0-301F-11D3-BF4B-00C04F79EFBC}") = "Web", "Web\Web.csproj", "{93FDD9FE-C4B0-455F-9656-CB829C4B5617}"
EndProject
Project("{FAE04EC0-301F-11D3-BF4B-00C04F79EFBC}") = "Web.Tests", "Web.Tests\Web.Tests.csproj", "{A36E8D8D-F6AA-432B-8498-9270D2EA874D}"
EndProject
Global
	GlobalSection(SolutionConfigurationPlatforms) = preSolution
		Debug|Any CPU = Debug|Any CPU
		Release|Any CPU = Release|Any CPU
	EndGlobalSection
	GlobalSection(ProjectConfigurationPlatforms) = postSolution
		{93FDD9FE-C4B0-455F-9656-CB829C4B5617}.Debug|Any CPU.ActiveCfg = Debug|Any CPU
		{93FDD9FE-C4B0-455F-9656-CB829C4B5617}.Debug|Any CPU.Build.0 = Debug|Any CPU
		{93FDD9FE-C4B0-455F-9656-CB829C4B5617}.Release|Any CPU.ActiveCfg = Release|Any CPU
		{93FDD9FE-C4B0-455F-9656-CB829C4B5617}.Release|Any CPU.Build.0 = Release|Any CPU
		{A36E8D8D-F6AA-432B-8498-9270D2EA874D}.Debug|Any CPU.ActiveCfg = Debug|Any CPU
		{A36E8D8D-F6AA-432B-8498-9270D2EA874D}.Debug|Any CPU.Build.0 = Debug|Any CPU
		{A36E8D8D-F6AA-432B-8498-9270D2EA874D}.Release|Any CPU.ActiveCfg = Release|Any CPU
		{A36E8D8D-F6AA-432B-8498-9270D2EA874D}.Release|Any CPU.Build.0 = Release|Any CPU
	EndGlobalSection
	GlobalSection(SolutionProperties) = preSolution
		HideSolutionNode = FALSE
	EndGlobalSection
EndGlobal
